{
  "name": "bytebot",
  "lockfileVersion": 3,
  "requires": true,
  "packages": {
    "": {
      "dependencies": {
        "class-transformer": "^0.5.1",
        "class-validator": "^0.14.1"
      }
    },
    "node_modules/@types/validator": {
      "version": "13.12.3",
      "resolved": "https://registry.npmjs.org/@types/validator/-/validator-13.12.3.tgz",
      "integrity": "sha512-2ipwZ2NydGQJImne+FhNdhgRM37e9lCev99KnqkbFHd94Xn/mErARWI1RSLem1QA19ch5kOhzIZd7e8CA2FI8g==",
      "license": "MIT"
    },
    "node_modules/class-transformer": {
      "version": "0.5.1",
      "resolved": "https://registry.npmjs.org/class-transformer/-/class-transformer-0.5.1.tgz",
      "integrity": "sha512-SQa1Ws6hUbfC98vKGxZH3KFY0Y1lm5Zm0SY8XX9zbK7FJCyVEac3ATW0RIpwzW+oOfmHE5PMPufDG9hCfoEOMw==",
      "license": "MIT"
    },
    "node_modules/class-validator": {
      "version": "0.14.1",
      "resolved": "https://registry.npmjs.org/class-validator/-/class-validator-0.14.1.tgz",
      "integrity": "sha512-2VEG9JICxIqTpoK1eMzZqaV+u/EiwEJkMGzTrZf6sU/fwsnOITVgYJ8yojSy6CaXtO9V0Cc6ZQZ8h8m4UBuLwQ==",
      "license": "MIT",
      "dependencies": {
        "@types/validator": "^13.11.8",
        "libphonenumber-js": "^1.10.53",
        "validator": "^13.9.0"
      }
    },
    "node_modules/libphonenumber-js": {
      "version": "1.12.6",
      "resolved": "https://registry.npmjs.org/libphonenumber-js/-/libphonenumber-js-1.12.6.tgz",
      "integrity": "sha512-PJiS4ETaUfCOFLpmtKzAbqZQjCCKVu2OhTV4SVNNE7c2nu/dACvtCqj4L0i/KWNnIgRv7yrILvBj5Lonv5Ncxw==",
      "license": "MIT"
    },
    "node_modules/validator": {
      "version": "13.15.0",
      "resolved": "https://registry.npmjs.org/validator/-/validator-13.15.0.tgz",
      "integrity": "sha512-36B2ryl4+oL5QxZ3AzD0t5SsMNGvTtQHpjgFO5tbNxfXbMFkY822ktCDe1MnlqV3301QQI9SLHDNJokDI+Z9pA==",
      "license": "MIT",
      "engines": {
        "node": ">= 0.10"
      }
    }
  }
}
